
Microsoft Visual Studio Solution File, Format Version 12.00
# Visual Studio 15
VisualStudioVersion = 15.0.26730.12
MinimumVisualStudioVersion = 10.0.40219.1
Project("{9A19103F-16F7-4668-BE54-9A1E7A4F7556}") = "TMShopsCore.Models", "TMShopsCore.Models.csproj", "{F1C78CCE-8C04-4BD7-B951-DB08D4FD5D4D}"
EndProject
Global
	GlobalSection(SolutionConfigurationPlatforms) = preSolution
		Debug|Any CPU = Debug|Any CPU
		Release|Any CPU = Release|Any CPU
	EndGlobalSection
	GlobalSection(ProjectConfigurationPlatforms) = postSolution
		{F1C78CCE-8C04-4BD7-B951-DB08D4FD5D4D}.Debug|Any CPU.ActiveCfg = Debug|Any CPU
		{F1C78CCE-8C04-4BD7-B951-DB08D4FD5D4D}.Debug|Any CPU.Build.0 = Debug|Any CPU
		{F1C78CCE-8C04-4BD7-B951-DB08D4FD5D4D}.Release|Any CPU.ActiveCfg = Release|Any CPU
		{F1C78CCE-8C04-4BD7-B951-DB08D4FD5D4D}.Release|Any CPU.Build.0 = Release|Any CPU
	EndGlobalSection
	GlobalSection(SolutionProperties) = preSolution
		HideSolutionNode = FALSE
	EndGlobalSection
	GlobalSection(ExtensibilityGlobals) = postSolution
		SolutionGuid = {FAA841CA-E6B2-4FC5-B164-30B12703C5C5}
	EndGlobalSection
EndGlobal
